{
  "name": "angular-app",
  "version": "0.0.0",
  "lockfileVersion": 1,
  "requires": true,
  "dependencies": {
    "@types/node": {
      "version": "12.20.37",
      "resolved": "https://registry.npmjs.org/@types/node/-/node-12.20.37.tgz",
      "integrity": "sha512-i1KGxqcvJaLQali+WuypQnXwcplhtNtjs66eNsZpp2P2FL/trJJxx/VWsM0YCL2iMoIJrbXje48lvIQAQ4p2ZA==",
      "dev": true
    },
    "jasmine-core": {
      "version": "3.8.0",
      "resolved": "https://registry.npmjs.org/jasmine-core/-/jasmine-core-3.8.0.tgz",
      "integrity": "sha512-zl0nZWDrmbCiKns0NcjkFGYkVTGCPUgoHypTaj+G2AzaWus7QGoXARSlYsSle2VRpSdfJmM+hzmFKzQNhF2kHg==",
      "dev": true
    },
    "ngx-bootstrap": {
      "version": "7.1.0",
      "resolved": "https://registry.npmjs.org/ngx-bootstrap/-/ngx-bootstrap-7.1.0.tgz",
      "integrity": "sha512-2qUTqq+DtimKpYNEga85G00zdMEZ2fcvtYaZkrdZRtwqyCXbPC69LXXzLkgu5697m83++iFWvwFp0IJDuGev1A==",
      "requires": {
        "tslib": "^2.0.0"
      }
    },
    "rxjs": {
      "version": "6.6.7",
      "resolved": "https://registry.npmjs.org/rxjs/-/rxjs-6.6.7.tgz",
      "integrity": "sha512-hTdwr+7yYNIT5n4AMYp85KA6yw2Va0FLa3Rguvbpa4W3I5xynaBZo41cM3XM+4Q6fRMj3sBYIR1VAmZMXYJvRQ==",
      "requires": {
        "tslib": "^1.9.0"
      },
      "dependencies": {
        "tslib": {
          "version": "1.14.1",
          "resolved": "https://registry.npmjs.org/tslib/-/tslib-1.14.1.tgz",
          "integrity": "sha512-Xni35NKzjgMrwevysHTCArtLDpPvye8zV/0E4EyYn43P7/7qvQwPh9BGkHewbMulVntbigmcT7rdX3BNo9wRJg=="
        }
      }
    },
    "tslib": {
      "version": "2.3.1",
      "resolved": "https://registry.npmjs.org/tslib/-/tslib-2.3.1.tgz",
      "integrity": "sha512-77EbyPPpMz+FRFRuAFlWMtmgUWGe9UOG2Z25NqCwiIjRhOf5iKGuzSe5P2w1laq+FkRy4p+PCuVkJSGkzTEKVw=="
    }
  }
}
